{
	"name": "rbx-roact-rodux",
	"version": "0.0.1",
	"lockfileVersion": 1,
	"requires": true,
	"dependencies": {
		"rbx-roact": {
			"version": "0.0.22",
			"resolved": "https://registry.npmjs.org/rbx-roact/-/rbx-roact-0.0.22.tgz",
			"integrity": "sha1-DQ6/p+122kZWpmrvh58y5BO6tSc=",
			"dev": true
		},
		"rbx-rodux": {
			"version": "0.0.3",
			"resolved": "https://registry.npmjs.org/rbx-rodux/-/rbx-rodux-0.0.3.tgz",
			"integrity": "sha512-+7PJusFPJWBjySzejljd7u+/Mp5lXCrI602ip+64dNhRBBnAI7eWJhznH43UESHAOrXNC4epoNegyZX9QRe9xQ==",
			"dev": true
		},
		"rbx-types": {
			"version": "1.0.87",
			"resolved": "https://registry.npmjs.org/rbx-types/-/rbx-types-1.0.87.tgz",
			"integrity": "sha1-dK3FJe1rIF624wD3Qjm0t2Xle1c=",
			"dev": true
		}
	}
}
