{
	"name": "@rbxts/roact-rodux",
	"version": "0.1.3",
	"lockfileVersion": 1,
	"requires": true,
	"dependencies": {
		"@rbxts/roact": {
			"version": "1.3.0-ts.10",
			"resolved": "https://registry.npmjs.org/@rbxts/roact/-/roact-1.3.0-ts.10.tgz",
			"integrity": "sha512-hLrSMsbFtfjzN+G2IYXYzzoJrmrk2CrszpmcrwCQhcZhlwbQXpZNaN55NSpde6B1QGuW6MoS5Q7Q/PAouNOGKQ==",
			"dev": true
		},
		"@rbxts/rodux": {
			"version": "1.1.0",
			"resolved": "https://registry.npmjs.org/@rbxts/rodux/-/rodux-1.1.0.tgz",
			"integrity": "sha512-3paAyk4EJrcNZVVtQpUOCWcU1LHbsC2oYqCM0YoHdjFGPfnY0E6oNGe/OcQisueD1mlL6yCPrJMPsGODbI0C7w==",
			"dev": true
		},
		"@rbxts/types": {
			"version": "1.0.459",
			"resolved": "https://registry.npmjs.org/@rbxts/types/-/types-1.0.459.tgz",
			"integrity": "sha512-thmXG4h39LBDutR7cJHWy2NLsq6jaq/l6ItcRTKfewnPxFybjw83MR7tjSB9WyJKw457njgsOu25Rj1NtxZ/SQ==",
			"dev": true
		}
	}
}
