{
	"name": "@rbxts/roact-rodux",
	"version": "0.2.2-ts.6",
	"lockfileVersion": 2,
	"requires": true,
	"packages": {
		"": {
			"name": "@rbxts/roact-rodux",
			"version": "0.2.2-ts.6",
			"license": "ISC",
			"devDependencies": {
				"@rbxts/compiler-types": "^1.3.3-types.1",
				"@rbxts/roact": "^1.4.2-ts.2",
				"@rbxts/rodux": "^3.0.0-ts.3",
				"@rbxts/types": "^1.0.627"
			},
			"peerDependencies": {
				"@rbxts/roact": "^1.4.2-ts.2",
				"@rbxts/rodux": "^3.0.0-ts.3",
				"@rbxts/types": "^1.0.627"
			}
		},
		"node_modules/@rbxts/compiler-types": {
			"version": "1.3.3-types.1",
			"resolved": "https://registry.npmjs.org/@rbxts/compiler-types/-/compiler-types-1.3.3-types.1.tgz",
			"integrity": "sha512-iWeioe5WziBTnY+FIT7aQ5bimlw81PYZ5d9WO0h1kX3joEigXPQpn2yHGRxzrqIssqQr47Y6fwknklaaQ6IPMQ==",
			"dev": true
		},
		"node_modules/@rbxts/roact": {
			"version": "1.4.2-ts.2",
			"resolved": "https://registry.npmjs.org/@rbxts/roact/-/roact-1.4.2-ts.2.tgz",
			"integrity": "sha512-tHCVZ03dblnqWR0tkvaP0j+cVaJ5NC6mwjE7IzOyYjevYCQ1FUnWFCCkDoUrMEwyG9OqEWNyiXRx3cX1gwxdIQ==",
			"dev": true
		},
		"node_modules/@rbxts/rodux": {
			"version": "3.0.0-ts.3",
			"resolved": "https://registry.npmjs.org/@rbxts/rodux/-/rodux-3.0.0-ts.3.tgz",
			"integrity": "sha512-LrLowiF1YL5U+lQheCNMo8sbrSEoZAIlVFOGB7Edjein5TtZAeNgyJrhY5yFH5gAfJQzFRnZWVOxWFaMlD0GRg==",
			"dev": true
		},
		"node_modules/@rbxts/types": {
			"version": "1.0.627",
			"resolved": "https://registry.npmjs.org/@rbxts/types/-/types-1.0.627.tgz",
			"integrity": "sha512-mwlr1rurnRBNskqzNzj/3C3rvn0qebRV0yQwbFBfQ2hD02iBI4qszz0ERn+ioDE6ElcmOd8ZYNX7PJUQGwLlXg==",
			"dev": true
		}
	},
	"dependencies": {
		"@rbxts/compiler-types": {
			"version": "1.3.3-types.1",
			"resolved": "https://registry.npmjs.org/@rbxts/compiler-types/-/compiler-types-1.3.3-types.1.tgz",
			"integrity": "sha512-iWeioe5WziBTnY+FIT7aQ5bimlw81PYZ5d9WO0h1kX3joEigXPQpn2yHGRxzrqIssqQr47Y6fwknklaaQ6IPMQ==",
			"dev": true
		},
		"@rbxts/roact": {
			"version": "1.4.2-ts.2",
			"resolved": "https://registry.npmjs.org/@rbxts/roact/-/roact-1.4.2-ts.2.tgz",
			"integrity": "sha512-tHCVZ03dblnqWR0tkvaP0j+cVaJ5NC6mwjE7IzOyYjevYCQ1FUnWFCCkDoUrMEwyG9OqEWNyiXRx3cX1gwxdIQ==",
			"dev": true
		},
		"@rbxts/rodux": {
			"version": "3.0.0-ts.3",
			"resolved": "https://registry.npmjs.org/@rbxts/rodux/-/rodux-3.0.0-ts.3.tgz",
			"integrity": "sha512-LrLowiF1YL5U+lQheCNMo8sbrSEoZAIlVFOGB7Edjein5TtZAeNgyJrhY5yFH5gAfJQzFRnZWVOxWFaMlD0GRg==",
			"dev": true
		},
		"@rbxts/types": {
			"version": "1.0.627",
			"resolved": "https://registry.npmjs.org/@rbxts/types/-/types-1.0.627.tgz",
			"integrity": "sha512-mwlr1rurnRBNskqzNzj/3C3rvn0qebRV0yQwbFBfQ2hD02iBI4qszz0ERn+ioDE6ElcmOd8ZYNX7PJUQGwLlXg==",
			"dev": true
		}
	}
}
